
Microsoft Visual Studio Solution File, Format Version 11.00
# Visual Studio 2010
Project("{8BC9CEB8-8B4A-11D0-8D11-00A0C91BC942}") = "BaseWindow", "BaseWindow\BaseWindow.vcxproj", "{6B666AC8-FDE1-45B7-9651-906A06DD460F}"
EndProject
Project("{8BC9CEB8-8B4A-11D0-8D11-00A0C91BC942}") = "CutImage", "CutImage\CutImage.vcxproj", "{608E6838-3C18-4B76-9E91-CE3FF5F3792E}"
EndProject
Global
	GlobalSection(SolutionConfigurationPlatforms) = preSolution
		Debug|Win32 = Debug|Win32
		Release|Win32 = Release|Win32
	EndGlobalSection
	GlobalSection(ProjectConfigurationPlatforms) = postSolution
		{6B666AC8-FDE1-45B7-9651-906A06DD460F}.Debug|Win32.ActiveCfg = Debug|Win32
		{6B666AC8-FDE1-45B7-9651-906A06DD460F}.Debug|Win32.Build.0 = Debug|Win32
		{6B666AC8-FDE1-45B7-9651-906A06DD460F}.Release|Win32.ActiveCfg = Release|Win32
		{6B666AC8-FDE1-45B7-9651-906A06DD460F}.Release|Win32.Build.0 = Release|Win32
		{608E6838-3C18-4B76-9E91-CE3FF5F3792E}.Debug|Win32.ActiveCfg = Debug|Win32
		{608E6838-3C18-4B76-9E91-CE3FF5F3792E}.Debug|Win32.Build.0 = Debug|Win32
		{608E6838-3C18-4B76-9E91-CE3FF5F3792E}.Release|Win32.ActiveCfg = Release|Win32
		{608E6838-3C18-4B76-9E91-CE3FF5F3792E}.Release|Win32.Build.0 = Release|Win32
	EndGlobalSection
	GlobalSection(SolutionProperties) = preSolution
		HideSolutionNode = FALSE
	EndGlobalSection
EndGlobal
