<?xml version="1.0" encoding="utf-8"?>
<Project ToolsVersion="4.0" xmlns="http://schemas.microsoft.com/developer/msbuild/2003">
  <ItemGroup>
    <ClCompile Include="main.cpp" />
    <ClCompile Include="BaseWebBroswer.cpp">
      <Filter>源文件</Filter>
    </ClCompile>
    <ClCompile Include="BaseWindow.cpp">
      <Filter>源文件</Filter>
    </ClCompile>
    <ClCompile Include="Log.cpp">
      <Filter>源文件</Filter>
    </ClCompile>
  </ItemGroup>
  <ItemGroup>
    <ClInclude Include="Log.h">
      <Filter>头文件</Filter>
    </ClInclude>
    <ClInclude Include="BaseWindow.h">
      <Filter>头文件</Filter>
    </ClInclude>
    <ClInclude Include="BaseWebBroswer.h">
      <Filter>头文件</Filter>
    </ClInclude>
  </ItemGroup>
  <ItemGroup>
    <Filter Include="头文件">
      <UniqueIdentifier>{cc039d96-1d60-4bf8-b7a6-f5a826c5b0a2}</UniqueIdentifier>
    </Filter>
    <Filter Include="源文件">
      <UniqueIdentifier>{13945ac4-4080-4227-a4c7-3d4b4b016ed0}</UniqueIdentifier>
    </Filter>
  </ItemGroup>
</Project>