<?xml version="1.0" encoding="utf-8"?>
<Project ToolsVersion="4.0" xmlns="http://schemas.microsoft.com/developer/msbuild/2003">
  <ItemGroup>
    <ClCompile Include="BaseWindow.cpp">
      <Filter>源文件</Filter>
    </ClCompile>
    <ClCompile Include="CutImage.cpp">
      <Filter>源文件</Filter>
    </ClCompile>
    <ClCompile Include="HttpBase.cpp">
      <Filter>源文件</Filter>
    </ClCompile>
    <ClCompile Include="Log.cpp">
      <Filter>源文件</Filter>
    </ClCompile>
    <ClCompile Include="main.cpp" />
    <ClCompile Include="Node.cpp">
      <Filter>源文件</Filter>
    </ClCompile>
    <ClCompile Include="View.cpp">
      <Filter>源文件</Filter>
    </ClCompile>
    <ClCompile Include="WeatherScene.cpp">
      <Filter>源文件</Filter>
    </ClCompile>
    <ClCompile Include="Thread.cpp">
      <Filter>源文件</Filter>
    </ClCompile>
    <ClCompile Include="Task.cpp">
      <Filter>源文件</Filter>
    </ClCompile>
    <ClCompile Include="Mp3Player.cpp">
      <Filter>源文件</Filter>
    </ClCompile>
    <ClCompile Include="CustomStream.cpp">
      <Filter>源文件</Filter>
    </ClCompile>
    <ClCompile Include="AV.cpp">
      <Filter>源文件</Filter>
    </ClCompile>
  </ItemGroup>
  <ItemGroup>
    <ClInclude Include="BaseWindow.h">
      <Filter>头文件</Filter>
    </ClInclude>
    <ClInclude Include="CutImage.h">
      <Filter>头文件</Filter>
    </ClInclude>
    <ClInclude Include="HttpBase.h">
      <Filter>头文件</Filter>
    </ClInclude>
    <ClInclude Include="Log.h">
      <Filter>头文件</Filter>
    </ClInclude>
    <ClInclude Include="Node.h">
      <Filter>头文件</Filter>
    </ClInclude>
    <ClInclude Include="View.h">
      <Filter>头文件</Filter>
    </ClInclude>
    <ClInclude Include="WeatherScene.h">
      <Filter>头文件</Filter>
    </ClInclude>
    <ClInclude Include="Thread.h">
      <Filter>头文件</Filter>
    </ClInclude>
    <ClInclude Include="Task.h">
      <Filter>头文件</Filter>
    </ClInclude>
    <ClInclude Include="Mp3Player.h">
      <Filter>头文件</Filter>
    </ClInclude>
    <ClInclude Include="CustomStream.h">
      <Filter>头文件</Filter>
    </ClInclude>
    <ClInclude Include="AV.h">
      <Filter>头文件</Filter>
    </ClInclude>
  </ItemGroup>
  <ItemGroup>
    <Filter Include="头文件">
      <UniqueIdentifier>{2117c889-e281-4cef-885c-58942c6980be}</UniqueIdentifier>
    </Filter>
    <Filter Include="源文件">
      <UniqueIdentifier>{7eaf443b-6c3a-41df-912b-b9679a553b01}</UniqueIdentifier>
    </Filter>
  </ItemGroup>
</Project>